
Microsoft Visual Studio Solution File, Format Version 12.00
# Visual Studio 2013
VisualStudioVersion = 12.0.40629.0
MinimumVisualStudioVersion = 10.0.40219.1
Project("{FAE04EC0-301F-11D3-BF4B-00C04F79EFBC}") = "PLC_Data_Accress", "PLC_Data_Accress\PLC_Data_Accress.csproj", "{3156E3A7-157B-48B1-ACFF-1C661E3DFA18}"
EndProject
Project("{FAE04EC0-301F-11D3-BF4B-00C04F79EFBC}") = "WindowsFormsApplication1", "WindowsFormsApplication1\WindowsFormsApplication1.csproj", "{189BCE48-B11E-48E7-9644-F1CA3D06D0BF}"
EndProject
Global
	GlobalSection(SolutionConfigurationPlatforms) = preSolution
		Debug|Any CPU = Debug|Any CPU
		Release|Any CPU = Release|Any CPU
	EndGlobalSection
	GlobalSection(ProjectConfigurationPlatforms) = postSolution
		{3156E3A7-157B-48B1-ACFF-1C661E3DFA18}.Debug|Any CPU.ActiveCfg = Debug|Any CPU
		{3156E3A7-157B-48B1-ACFF-1C661E3DFA18}.Debug|Any CPU.Build.0 = Debug|Any CPU
		{3156E3A7-157B-48B1-ACFF-1C661E3DFA18}.Release|Any CPU.ActiveCfg = Release|Any CPU
		{3156E3A7-157B-48B1-ACFF-1C661E3DFA18}.Release|Any CPU.Build.0 = Release|Any CPU
		{189BCE48-B11E-48E7-9644-F1CA3D06D0BF}.Debug|Any CPU.ActiveCfg = Debug|Any CPU
		{189BCE48-B11E-48E7-9644-F1CA3D06D0BF}.Debug|Any CPU.Build.0 = Debug|Any CPU
		{189BCE48-B11E-48E7-9644-F1CA3D06D0BF}.Release|Any CPU.ActiveCfg = Release|Any CPU
		{189BCE48-B11E-48E7-9644-F1CA3D06D0BF}.Release|Any CPU.Build.0 = Release|Any CPU
	EndGlobalSection
	GlobalSection(SolutionProperties) = preSolution
		HideSolutionNode = FALSE
	EndGlobalSection
EndGlobal
