
Microsoft Visual Studio Solution File, Format Version 12.00
# Visual Studio 2013
VisualStudioVersion = 12.0.40629.0
MinimumVisualStudioVersion = 10.0.40219.1
Project("{8BC9CEB8-8B4A-11D0-8D11-00A0C91BC942}") = "PLCCommunicator", "PLCCommunicator\PLCCommunicator.vcxproj", "{408DA173-7890-4875-B4E3-65EF5CAA395C}"
EndProject
Project("{8BC9CEB8-8B4A-11D0-8D11-00A0C91BC942}") = "EMCCommunicator", "EMCCommunicator\EMCCommunicator.vcxproj", "{47222838-58BA-44A8-931A-151CB54211A2}"
EndProject
Project("{8BC9CEB8-8B4A-11D0-8D11-00A0C91BC942}") = "MXComponentCommunicator", "MXComponentCommunicator\MXComponentCommunicator.vcxproj", "{24791181-5BEC-4F5E-9AA3-5470203E1D32}"
EndProject
Project("{8BC9CEB8-8B4A-11D0-8D11-00A0C91BC942}") = "OPCCommunicator", "OPCCommunicator\OPCCommunicator.vcxproj", "{BFCF3E6B-2498-478F-87BE-0D2E8B63A86E}"
EndProject
Project("{8BC9CEB8-8B4A-11D0-8D11-00A0C91BC942}") = "LK-GCommunicator", "LK-GCommunicator\LK-GCommunicator.vcxproj", "{4E14548C-D6A5-4E59-9D48-19F7C8BC404D}"
EndProject
Project("{8BC9CEB8-8B4A-11D0-8D11-00A0C91BC942}") = "SQLCommunicator", "SQLCommunicator\SQLCommunicator.vcxproj", "{A5F4C47D-50C0-4DCC-9A36-C0C1E3AA4725}"
EndProject
Global
	GlobalSection(SolutionConfigurationPlatforms) = preSolution
		Debug|Any CPU = Debug|Any CPU
		Debug|Mixed Platforms = Debug|Mixed Platforms
		Debug|Win32 = Debug|Win32
		Debug|x64 = Debug|x64
		MC_Debug|Any CPU = MC_Debug|Any CPU
		MC_Debug|Mixed Platforms = MC_Debug|Mixed Platforms
		MC_Debug|Win32 = MC_Debug|Win32
		MC_Debug|x64 = MC_Debug|x64
		MC_Release|Any CPU = MC_Release|Any CPU
		MC_Release|Mixed Platforms = MC_Release|Mixed Platforms
		MC_Release|Win32 = MC_Release|Win32
		MC_Release|x64 = MC_Release|x64
		Release|Any CPU = Release|Any CPU
		Release|Mixed Platforms = Release|Mixed Platforms
		Release|Win32 = Release|Win32
		Release|x64 = Release|x64
	EndGlobalSection
	GlobalSection(ProjectConfigurationPlatforms) = postSolution
		{408DA173-7890-4875-B4E3-65EF5CAA395C}.Debug|Any CPU.ActiveCfg = Debug|Win32
		{408DA173-7890-4875-B4E3-65EF5CAA395C}.Debug|Mixed Platforms.ActiveCfg = Debug|Win32
		{408DA173-7890-4875-B4E3-65EF5CAA395C}.Debug|Mixed Platforms.Build.0 = Debug|Win32
		{408DA173-7890-4875-B4E3-65EF5CAA395C}.Debug|Win32.ActiveCfg = Debug|Win32
		{408DA173-7890-4875-B4E3-65EF5CAA395C}.Debug|Win32.Build.0 = Debug|Win32
		{408DA173-7890-4875-B4E3-65EF5CAA395C}.Debug|x64.ActiveCfg = Debug|Win32
		{408DA173-7890-4875-B4E3-65EF5CAA395C}.Debug|x64.Build.0 = Debug|Win32
		{408DA173-7890-4875-B4E3-65EF5CAA395C}.MC_Debug|Any CPU.ActiveCfg = MC_Debug|Win32
		{408DA173-7890-4875-B4E3-65EF5CAA395C}.MC_Debug|Mixed Platforms.ActiveCfg = MC_Debug|Win32
		{408DA173-7890-4875-B4E3-65EF5CAA395C}.MC_Debug|Mixed Platforms.Build.0 = MC_Debug|Win32
		{408DA173-7890-4875-B4E3-65EF5CAA395C}.MC_Debug|Win32.ActiveCfg = MC_Debug|x64
		{408DA173-7890-4875-B4E3-65EF5CAA395C}.MC_Debug|Win32.Build.0 = MC_Debug|x64
		{408DA173-7890-4875-B4E3-65EF5CAA395C}.MC_Debug|x64.ActiveCfg = MC_Debug|x64
		{408DA173-7890-4875-B4E3-65EF5CAA395C}.MC_Debug|x64.Build.0 = MC_Debug|x64
		{408DA173-7890-4875-B4E3-65EF5CAA395C}.MC_Release|Any CPU.ActiveCfg = MC_Release|Win32
		{408DA173-7890-4875-B4E3-65EF5CAA395C}.MC_Release|Mixed Platforms.ActiveCfg = MC_Release|Win32
		{408DA173-7890-4875-B4E3-65EF5CAA395C}.MC_Release|Mixed Platforms.Build.0 = MC_Release|Win32
		{408DA173-7890-4875-B4E3-65EF5CAA395C}.MC_Release|Win32.ActiveCfg = MC_Release|x64
		{408DA173-7890-4875-B4E3-65EF5CAA395C}.MC_Release|Win32.Build.0 = MC_Release|x64
		{408DA173-7890-4875-B4E3-65EF5CAA395C}.MC_Release|x64.ActiveCfg = MC_Release|x64
		{408DA173-7890-4875-B4E3-65EF5CAA395C}.MC_Release|x64.Build.0 = MC_Release|x64
		{408DA173-7890-4875-B4E3-65EF5CAA395C}.Release|Any CPU.ActiveCfg = Release|Win32
		{408DA173-7890-4875-B4E3-65EF5CAA395C}.Release|Mixed Platforms.ActiveCfg = Release|Win32
		{408DA173-7890-4875-B4E3-65EF5CAA395C}.Release|Mixed Platforms.Build.0 = Release|Win32
		{408DA173-7890-4875-B4E3-65EF5CAA395C}.Release|Win32.ActiveCfg = Release|Win32
		{408DA173-7890-4875-B4E3-65EF5CAA395C}.Release|Win32.Build.0 = Release|Win32
		{408DA173-7890-4875-B4E3-65EF5CAA395C}.Release|x64.ActiveCfg = Release|Win32
		{408DA173-7890-4875-B4E3-65EF5CAA395C}.Release|x64.Build.0 = Release|Win32
		{47222838-58BA-44A8-931A-151CB54211A2}.Debug|Any CPU.ActiveCfg = Debug|x64
		{47222838-58BA-44A8-931A-151CB54211A2}.Debug|Mixed Platforms.ActiveCfg = Debug|x64
		{47222838-58BA-44A8-931A-151CB54211A2}.Debug|Mixed Platforms.Build.0 = Debug|x64
		{47222838-58BA-44A8-931A-151CB54211A2}.Debug|Win32.ActiveCfg = Debug|x64
		{47222838-58BA-44A8-931A-151CB54211A2}.Debug|x64.ActiveCfg = Debug|x64
		{47222838-58BA-44A8-931A-151CB54211A2}.Debug|x64.Build.0 = Debug|x64
		{47222838-58BA-44A8-931A-151CB54211A2}.MC_Debug|Any CPU.ActiveCfg = MC_Debug|x64
		{47222838-58BA-44A8-931A-151CB54211A2}.MC_Debug|Mixed Platforms.ActiveCfg = MC_Debug|x64
		{47222838-58BA-44A8-931A-151CB54211A2}.MC_Debug|Mixed Platforms.Build.0 = MC_Debug|x64
		{47222838-58BA-44A8-931A-151CB54211A2}.MC_Debug|Win32.ActiveCfg = Debug|x64
		{47222838-58BA-44A8-931A-151CB54211A2}.MC_Debug|x64.ActiveCfg = Debug|x64
		{47222838-58BA-44A8-931A-151CB54211A2}.MC_Release|Any CPU.ActiveCfg = MC_Release|x64
		{47222838-58BA-44A8-931A-151CB54211A2}.MC_Release|Mixed Platforms.ActiveCfg = MC_Release|x64
		{47222838-58BA-44A8-931A-151CB54211A2}.MC_Release|Mixed Platforms.Build.0 = MC_Release|x64
		{47222838-58BA-44A8-931A-151CB54211A2}.MC_Release|Win32.ActiveCfg = Release|x64
		{47222838-58BA-44A8-931A-151CB54211A2}.MC_Release|x64.ActiveCfg = Release|x64
		{47222838-58BA-44A8-931A-151CB54211A2}.Release|Any CPU.ActiveCfg = Release|x64
		{47222838-58BA-44A8-931A-151CB54211A2}.Release|Mixed Platforms.ActiveCfg = Release|x64
		{47222838-58BA-44A8-931A-151CB54211A2}.Release|Mixed Platforms.Build.0 = Release|x64
		{47222838-58BA-44A8-931A-151CB54211A2}.Release|Win32.ActiveCfg = Release|x64
		{47222838-58BA-44A8-931A-151CB54211A2}.Release|x64.ActiveCfg = Release|x64
		{24791181-5BEC-4F5E-9AA3-5470203E1D32}.Debug|Any CPU.ActiveCfg = Debug|Win32
		{24791181-5BEC-4F5E-9AA3-5470203E1D32}.Debug|Mixed Platforms.ActiveCfg = Debug|Win32
		{24791181-5BEC-4F5E-9AA3-5470203E1D32}.Debug|Mixed Platforms.Build.0 = Debug|Win32
		{24791181-5BEC-4F5E-9AA3-5470203E1D32}.Debug|Win32.ActiveCfg = Debug|Win32
		{24791181-5BEC-4F5E-9AA3-5470203E1D32}.Debug|Win32.Build.0 = Debug|Win32
		{24791181-5BEC-4F5E-9AA3-5470203E1D32}.Debug|x64.ActiveCfg = Debug|Win32
		{24791181-5BEC-4F5E-9AA3-5470203E1D32}.Debug|x64.Build.0 = Debug|Win32
		{24791181-5BEC-4F5E-9AA3-5470203E1D32}.MC_Debug|Any CPU.ActiveCfg = MC_Debug|Win32
		{24791181-5BEC-4F5E-9AA3-5470203E1D32}.MC_Debug|Mixed Platforms.ActiveCfg = MC_Debug|Win32
		{24791181-5BEC-4F5E-9AA3-5470203E1D32}.MC_Debug|Mixed Platforms.Build.0 = MC_Debug|Win32
		{24791181-5BEC-4F5E-9AA3-5470203E1D32}.MC_Debug|Win32.ActiveCfg = Debug|Win32
		{24791181-5BEC-4F5E-9AA3-5470203E1D32}.MC_Debug|x64.ActiveCfg = Debug|Win32
		{24791181-5BEC-4F5E-9AA3-5470203E1D32}.MC_Release|Any CPU.ActiveCfg = MC_Release|Win32
		{24791181-5BEC-4F5E-9AA3-5470203E1D32}.MC_Release|Mixed Platforms.ActiveCfg = MC_Release|Win32
		{24791181-5BEC-4F5E-9AA3-5470203E1D32}.MC_Release|Mixed Platforms.Build.0 = MC_Release|Win32
		{24791181-5BEC-4F5E-9AA3-5470203E1D32}.MC_Release|Win32.ActiveCfg = Release|Win32
		{24791181-5BEC-4F5E-9AA3-5470203E1D32}.MC_Release|x64.ActiveCfg = Release|Win32
		{24791181-5BEC-4F5E-9AA3-5470203E1D32}.Release|Any CPU.ActiveCfg = Release|Win32
		{24791181-5BEC-4F5E-9AA3-5470203E1D32}.Release|Mixed Platforms.ActiveCfg = Release|Win32
		{24791181-5BEC-4F5E-9AA3-5470203E1D32}.Release|Mixed Platforms.Build.0 = Release|Win32
		{24791181-5BEC-4F5E-9AA3-5470203E1D32}.Release|Win32.ActiveCfg = Release|Win32
		{24791181-5BEC-4F5E-9AA3-5470203E1D32}.Release|Win32.Build.0 = Release|Win32
		{24791181-5BEC-4F5E-9AA3-5470203E1D32}.Release|x64.ActiveCfg = Release|Win32
		{24791181-5BEC-4F5E-9AA3-5470203E1D32}.Release|x64.Build.0 = Release|Win32
		{BFCF3E6B-2498-478F-87BE-0D2E8B63A86E}.Debug|Any CPU.ActiveCfg = Debug|x64
		{BFCF3E6B-2498-478F-87BE-0D2E8B63A86E}.Debug|Mixed Platforms.ActiveCfg = Debug|x64
		{BFCF3E6B-2498-478F-87BE-0D2E8B63A86E}.Debug|Mixed Platforms.Build.0 = Debug|x64
		{BFCF3E6B-2498-478F-87BE-0D2E8B63A86E}.Debug|Win32.ActiveCfg = Debug|x64
		{BFCF3E6B-2498-478F-87BE-0D2E8B63A86E}.Debug|x64.ActiveCfg = Debug|x64
		{BFCF3E6B-2498-478F-87BE-0D2E8B63A86E}.Debug|x64.Build.0 = Debug|x64
		{BFCF3E6B-2498-478F-87BE-0D2E8B63A86E}.MC_Debug|Any CPU.ActiveCfg = Debug|x64
		{BFCF3E6B-2498-478F-87BE-0D2E8B63A86E}.MC_Debug|Mixed Platforms.ActiveCfg = Debug|x64
		{BFCF3E6B-2498-478F-87BE-0D2E8B63A86E}.MC_Debug|Mixed Platforms.Build.0 = Debug|x64
		{BFCF3E6B-2498-478F-87BE-0D2E8B63A86E}.MC_Debug|Win32.ActiveCfg = Debug|x64
		{BFCF3E6B-2498-478F-87BE-0D2E8B63A86E}.MC_Debug|x64.ActiveCfg = Debug|x64
		{BFCF3E6B-2498-478F-87BE-0D2E8B63A86E}.MC_Debug|x64.Build.0 = Debug|x64
		{BFCF3E6B-2498-478F-87BE-0D2E8B63A86E}.MC_Release|Any CPU.ActiveCfg = Release|x64
		{BFCF3E6B-2498-478F-87BE-0D2E8B63A86E}.MC_Release|Mixed Platforms.ActiveCfg = Release|x64
		{BFCF3E6B-2498-478F-87BE-0D2E8B63A86E}.MC_Release|Mixed Platforms.Build.0 = Release|x64
		{BFCF3E6B-2498-478F-87BE-0D2E8B63A86E}.MC_Release|Win32.ActiveCfg = Release|x64
		{BFCF3E6B-2498-478F-87BE-0D2E8B63A86E}.MC_Release|x64.ActiveCfg = Release|x64
		{BFCF3E6B-2498-478F-87BE-0D2E8B63A86E}.MC_Release|x64.Build.0 = Release|x64
		{BFCF3E6B-2498-478F-87BE-0D2E8B63A86E}.Release|Any CPU.ActiveCfg = Release|x64
		{BFCF3E6B-2498-478F-87BE-0D2E8B63A86E}.Release|Mixed Platforms.ActiveCfg = Release|x64
		{BFCF3E6B-2498-478F-87BE-0D2E8B63A86E}.Release|Mixed Platforms.Build.0 = Release|x64
		{BFCF3E6B-2498-478F-87BE-0D2E8B63A86E}.Release|Win32.ActiveCfg = Release|x64
		{BFCF3E6B-2498-478F-87BE-0D2E8B63A86E}.Release|x64.ActiveCfg = Release|x64
		{BFCF3E6B-2498-478F-87BE-0D2E8B63A86E}.Release|x64.Build.0 = Release|x64
		{4E14548C-D6A5-4E59-9D48-19F7C8BC404D}.Debug|Any CPU.ActiveCfg = Debug|x64
		{4E14548C-D6A5-4E59-9D48-19F7C8BC404D}.Debug|Mixed Platforms.ActiveCfg = Debug|x64
		{4E14548C-D6A5-4E59-9D48-19F7C8BC404D}.Debug|Mixed Platforms.Build.0 = Debug|x64
		{4E14548C-D6A5-4E59-9D48-19F7C8BC404D}.Debug|Win32.ActiveCfg = Debug|x64
		{4E14548C-D6A5-4E59-9D48-19F7C8BC404D}.Debug|Win32.Build.0 = Debug|x64
		{4E14548C-D6A5-4E59-9D48-19F7C8BC404D}.Debug|x64.ActiveCfg = Debug|x64
		{4E14548C-D6A5-4E59-9D48-19F7C8BC404D}.Debug|x64.Build.0 = Debug|x64
		{4E14548C-D6A5-4E59-9D48-19F7C8BC404D}.MC_Debug|Any CPU.ActiveCfg = Debug|x64
		{4E14548C-D6A5-4E59-9D48-19F7C8BC404D}.MC_Debug|Mixed Platforms.ActiveCfg = Debug|x64
		{4E14548C-D6A5-4E59-9D48-19F7C8BC404D}.MC_Debug|Mixed Platforms.Build.0 = Debug|x64
		{4E14548C-D6A5-4E59-9D48-19F7C8BC404D}.MC_Debug|Win32.ActiveCfg = Debug|x64
		{4E14548C-D6A5-4E59-9D48-19F7C8BC404D}.MC_Debug|x64.ActiveCfg = Debug|x64
		{4E14548C-D6A5-4E59-9D48-19F7C8BC404D}.MC_Debug|x64.Build.0 = Debug|x64
		{4E14548C-D6A5-4E59-9D48-19F7C8BC404D}.MC_Release|Any CPU.ActiveCfg = Release|x64
		{4E14548C-D6A5-4E59-9D48-19F7C8BC404D}.MC_Release|Mixed Platforms.ActiveCfg = Release|x64
		{4E14548C-D6A5-4E59-9D48-19F7C8BC404D}.MC_Release|Mixed Platforms.Build.0 = Release|x64
		{4E14548C-D6A5-4E59-9D48-19F7C8BC404D}.MC_Release|Win32.ActiveCfg = Release|x64
		{4E14548C-D6A5-4E59-9D48-19F7C8BC404D}.MC_Release|x64.ActiveCfg = Release|x64
		{4E14548C-D6A5-4E59-9D48-19F7C8BC404D}.MC_Release|x64.Build.0 = Release|x64
		{4E14548C-D6A5-4E59-9D48-19F7C8BC404D}.Release|Any CPU.ActiveCfg = Release|x64
		{4E14548C-D6A5-4E59-9D48-19F7C8BC404D}.Release|Mixed Platforms.ActiveCfg = Release|x64
		{4E14548C-D6A5-4E59-9D48-19F7C8BC404D}.Release|Mixed Platforms.Build.0 = Release|x64
		{4E14548C-D6A5-4E59-9D48-19F7C8BC404D}.Release|Win32.ActiveCfg = Release|x64
		{4E14548C-D6A5-4E59-9D48-19F7C8BC404D}.Release|x64.ActiveCfg = Release|x64
		{4E14548C-D6A5-4E59-9D48-19F7C8BC404D}.Release|x64.Build.0 = Release|x64
		{A5F4C47D-50C0-4DCC-9A36-C0C1E3AA4725}.Debug|Any CPU.ActiveCfg = Debug|x64
		{A5F4C47D-50C0-4DCC-9A36-C0C1E3AA4725}.Debug|Mixed Platforms.ActiveCfg = Debug|x64
		{A5F4C47D-50C0-4DCC-9A36-C0C1E3AA4725}.Debug|Mixed Platforms.Build.0 = Debug|x64
		{A5F4C47D-50C0-4DCC-9A36-C0C1E3AA4725}.Debug|Win32.ActiveCfg = Debug|x64
		{A5F4C47D-50C0-4DCC-9A36-C0C1E3AA4725}.Debug|Win32.Build.0 = Debug|x64
		{A5F4C47D-50C0-4DCC-9A36-C0C1E3AA4725}.Debug|x64.ActiveCfg = Debug|x64
		{A5F4C47D-50C0-4DCC-9A36-C0C1E3AA4725}.Debug|x64.Build.0 = Debug|x64
		{A5F4C47D-50C0-4DCC-9A36-C0C1E3AA4725}.MC_Debug|Any CPU.ActiveCfg = Debug|x64
		{A5F4C47D-50C0-4DCC-9A36-C0C1E3AA4725}.MC_Debug|Mixed Platforms.ActiveCfg = Debug|x64
		{A5F4C47D-50C0-4DCC-9A36-C0C1E3AA4725}.MC_Debug|Mixed Platforms.Build.0 = Debug|x64
		{A5F4C47D-50C0-4DCC-9A36-C0C1E3AA4725}.MC_Debug|Win32.ActiveCfg = Debug|x64
		{A5F4C47D-50C0-4DCC-9A36-C0C1E3AA4725}.MC_Debug|x64.ActiveCfg = Debug|x64
		{A5F4C47D-50C0-4DCC-9A36-C0C1E3AA4725}.MC_Debug|x64.Build.0 = Debug|x64
		{A5F4C47D-50C0-4DCC-9A36-C0C1E3AA4725}.MC_Release|Any CPU.ActiveCfg = Release|x64
		{A5F4C47D-50C0-4DCC-9A36-C0C1E3AA4725}.MC_Release|Mixed Platforms.ActiveCfg = Release|x64
		{A5F4C47D-50C0-4DCC-9A36-C0C1E3AA4725}.MC_Release|Mixed Platforms.Build.0 = Release|x64
		{A5F4C47D-50C0-4DCC-9A36-C0C1E3AA4725}.MC_Release|Win32.ActiveCfg = Release|x64
		{A5F4C47D-50C0-4DCC-9A36-C0C1E3AA4725}.MC_Release|x64.ActiveCfg = Release|x64
		{A5F4C47D-50C0-4DCC-9A36-C0C1E3AA4725}.MC_Release|x64.Build.0 = Release|x64
		{A5F4C47D-50C0-4DCC-9A36-C0C1E3AA4725}.Release|Any CPU.ActiveCfg = Release|x64
		{A5F4C47D-50C0-4DCC-9A36-C0C1E3AA4725}.Release|Mixed Platforms.ActiveCfg = Release|x64
		{A5F4C47D-50C0-4DCC-9A36-C0C1E3AA4725}.Release|Mixed Platforms.Build.0 = Release|x64
		{A5F4C47D-50C0-4DCC-9A36-C0C1E3AA4725}.Release|Win32.ActiveCfg = Release|x64
		{A5F4C47D-50C0-4DCC-9A36-C0C1E3AA4725}.Release|x64.ActiveCfg = Release|x64
		{A5F4C47D-50C0-4DCC-9A36-C0C1E3AA4725}.Release|x64.Build.0 = Release|x64
	EndGlobalSection
	GlobalSection(SolutionProperties) = preSolution
		HideSolutionNode = FALSE
	EndGlobalSection
EndGlobal
