
Microsoft Visual Studio Solution File, Format Version 12.00
# Visual Studio Version 16
VisualStudioVersion = 16.0.33927.289
MinimumVisualStudioVersion = 10.0.40219.1
Project("{FAE04EC0-301F-11D3-BF4B-00C04F79EFBC}") = "MX_Form", "MX_test\MX_Form.csproj", "{A338527D-61BB-4620-9C36-28C8F391239E}"
EndProject
Global
	GlobalSection(SolutionConfigurationPlatforms) = preSolution
		Debug|Any CPU = Debug|Any CPU
		Release|Any CPU = Release|Any CPU
	EndGlobalSection
	GlobalSection(ProjectConfigurationPlatforms) = postSolution
		{A338527D-61BB-4620-9C36-28C8F391239E}.Debug|Any CPU.ActiveCfg = Debug|Any CPU
		{A338527D-61BB-4620-9C36-28C8F391239E}.Debug|Any CPU.Build.0 = Debug|Any CPU
		{A338527D-61BB-4620-9C36-28C8F391239E}.Release|Any CPU.ActiveCfg = Release|Any CPU
		{A338527D-61BB-4620-9C36-28C8F391239E}.Release|Any CPU.Build.0 = Release|Any CPU
	EndGlobalSection
	GlobalSection(SolutionProperties) = preSolution
		HideSolutionNode = FALSE
	EndGlobalSection
	GlobalSection(ExtensibilityGlobals) = postSolution
		SolutionGuid = {164A5371-F314-4D11-B5AD-E7765FD6D5D1}
	EndGlobalSection
EndGlobal
