
Microsoft Visual Studio Solution File, Format Version 12.00
# Visual Studio Version 16
VisualStudioVersion = 16.0.33927.289
MinimumVisualStudioVersion = 10.0.40219.1
Project("{FAE04EC0-301F-11D3-BF4B-00C04F79EFBC}") = "ShareMemoryTest", "ShareMemoryTest\ShareMemoryTest.csproj", "{595B458F-1177-4096-B7EF-FC9A3F10F8D9}"
EndProject
Global
	GlobalSection(SolutionConfigurationPlatforms) = preSolution
		Debug|Any CPU = Debug|Any CPU
		Release|Any CPU = Release|Any CPU
	EndGlobalSection
	GlobalSection(ProjectConfigurationPlatforms) = postSolution
		{595B458F-1177-4096-B7EF-FC9A3F10F8D9}.Debug|Any CPU.ActiveCfg = Debug|Any CPU
		{595B458F-1177-4096-B7EF-FC9A3F10F8D9}.Debug|Any CPU.Build.0 = Debug|Any CPU
		{595B458F-1177-4096-B7EF-FC9A3F10F8D9}.Release|Any CPU.ActiveCfg = Release|Any CPU
		{595B458F-1177-4096-B7EF-FC9A3F10F8D9}.Release|Any CPU.Build.0 = Release|Any CPU
	EndGlobalSection
	GlobalSection(SolutionProperties) = preSolution
		HideSolutionNode = FALSE
	EndGlobalSection
	GlobalSection(ExtensibilityGlobals) = postSolution
		SolutionGuid = {2B4421A4-A4BA-4821-88F8-930A1B3E908B}
	EndGlobalSection
EndGlobal
