
Microsoft Visual Studio Solution File, Format Version 12.00
# Visual Studio Version 16
VisualStudioVersion = 16.0.34301.259
MinimumVisualStudioVersion = 10.0.40219.1
Project("{FAE04EC0-301F-11D3-BF4B-00C04F79EFBC}") = "DataResultLinker", "DataResultConnector\DataResultLinker.csproj", "{A7072FA9-3443-42CC-8B84-8F84B776B30A}"
EndProject
Project("{FAE04EC0-301F-11D3-BF4B-00C04F79EFBC}") = "Lib", "ClassLibrary\Lib.csproj", "{3CFB23C5-00A5-44AC-AC61-25B0E244BB2B}"
EndProject
Project("{FAE04EC0-301F-11D3-BF4B-00C04F79EFBC}") = "ConsoleApp1", "ConsoleApp1\ConsoleApp1.csproj", "{8FF9135E-E047-40D8-91B9-5C6299533D9F}"
EndProject
Global
	GlobalSection(SolutionConfigurationPlatforms) = preSolution
		Debug|Any CPU = Debug|Any CPU
		Release|Any CPU = Release|Any CPU
	EndGlobalSection
	GlobalSection(ProjectConfigurationPlatforms) = postSolution
		{A7072FA9-3443-42CC-8B84-8F84B776B30A}.Debug|Any CPU.ActiveCfg = Debug|Any CPU
		{A7072FA9-3443-42CC-8B84-8F84B776B30A}.Debug|Any CPU.Build.0 = Debug|Any CPU
		{A7072FA9-3443-42CC-8B84-8F84B776B30A}.Release|Any CPU.ActiveCfg = Release|Any CPU
		{A7072FA9-3443-42CC-8B84-8F84B776B30A}.Release|Any CPU.Build.0 = Release|Any CPU
		{3CFB23C5-00A5-44AC-AC61-25B0E244BB2B}.Debug|Any CPU.ActiveCfg = Debug|Any CPU
		{3CFB23C5-00A5-44AC-AC61-25B0E244BB2B}.Debug|Any CPU.Build.0 = Debug|Any CPU
		{3CFB23C5-00A5-44AC-AC61-25B0E244BB2B}.Release|Any CPU.ActiveCfg = Release|Any CPU
		{3CFB23C5-00A5-44AC-AC61-25B0E244BB2B}.Release|Any CPU.Build.0 = Release|Any CPU
		{8FF9135E-E047-40D8-91B9-5C6299533D9F}.Debug|Any CPU.ActiveCfg = Debug|Any CPU
		{8FF9135E-E047-40D8-91B9-5C6299533D9F}.Debug|Any CPU.Build.0 = Debug|Any CPU
		{8FF9135E-E047-40D8-91B9-5C6299533D9F}.Release|Any CPU.ActiveCfg = Release|Any CPU
		{8FF9135E-E047-40D8-91B9-5C6299533D9F}.Release|Any CPU.Build.0 = Release|Any CPU
	EndGlobalSection
	GlobalSection(SolutionProperties) = preSolution
		HideSolutionNode = FALSE
	EndGlobalSection
	GlobalSection(ExtensibilityGlobals) = postSolution
		SolutionGuid = {100F7BC7-4BA9-493B-ADF3-74817F9589C6}
	EndGlobalSection
EndGlobal
